
Microsoft Visual Studio Solution File, Format Version 12.00
# Visual Studio Version 17
VisualStudioVersion = 17.0.31903.59
MinimumVisualStudioVersion = 10.0.40219.1
Project("{2150E333-8FDC-42A3-9474-1A3956D46DE8}") = "src", "src", "{9759280A-A475-48FE-B030-661C1D2CA5C9}"
EndProject
Project("{FAE04EC0-301F-11D3-BF4B-00C04F79EFBC}") = "A1Academy.API", "src\A1Academy.API\A1Academy.API.csproj", "{C2FD95A4-018F-44B3-B3D3-EAEB8F03B146}"
EndProject
Project("{FAE04EC0-301F-11D3-BF4B-00C04F79EFBC}") = "A1Academy.Tests", "src\A1Academy.Tests\A1Academy.Tests.csproj", "{F3CD674B-7896-4057-B9F6-A9BBCAF5E3CB}"
EndProject
Global
	GlobalSection(SolutionConfigurationPlatforms) = preSolution
		Debug|Any CPU = Debug|Any CPU
		Release|Any CPU = Release|Any CPU
	EndGlobalSection
	GlobalSection(SolutionProperties) = preSolution
		HideSolutionNode = FALSE
	EndGlobalSection
	GlobalSection(ProjectConfigurationPlatforms) = postSolution
		{C2FD95A4-018F-44B3-B3D3-EAEB8F03B146}.Debug|Any CPU.ActiveCfg = Debug|Any CPU
		{C2FD95A4-018F-44B3-B3D3-EAEB8F03B146}.Debug|Any CPU.Build.0 = Debug|Any CPU
		{C2FD95A4-018F-44B3-B3D3-EAEB8F03B146}.Release|Any CPU.ActiveCfg = Release|Any CPU
		{C2FD95A4-018F-44B3-B3D3-EAEB8F03B146}.Release|Any CPU.Build.0 = Release|Any CPU
		{F3CD674B-7896-4057-B9F6-A9BBCAF5E3CB}.Debug|Any CPU.ActiveCfg = Debug|Any CPU
		{F3CD674B-7896-4057-B9F6-A9BBCAF5E3CB}.Debug|Any CPU.Build.0 = Debug|Any CPU
		{F3CD674B-7896-4057-B9F6-A9BBCAF5E3CB}.Release|Any CPU.ActiveCfg = Release|Any CPU
		{F3CD674B-7896-4057-B9F6-A9BBCAF5E3CB}.Release|Any CPU.Build.0 = Release|Any CPU
	EndGlobalSection
	GlobalSection(NestedProjects) = preSolution
		{C2FD95A4-018F-44B3-B3D3-EAEB8F03B146} = {9759280A-A475-48FE-B030-661C1D2CA5C9}
		{F3CD674B-7896-4057-B9F6-A9BBCAF5E3CB} = {9759280A-A475-48FE-B030-661C1D2CA5C9}
	EndGlobalSection
EndGlobal
